// !$*UTF8*$!
{
	archiveVersion = 1;
	classes = {
	};
	objectVersion = 46;
	objects = {

/* Begin PBXBuildFile section */
		D001A11C1725F25B004789CD /* pLRequestCommentViewController.m in Sources */ = {isa = PBXBuildFile; fileRef = D001A11B1725F25B004789CD /* pLRequestCommentViewController.m */; };
		D01E39A41654AABD00C26BF0 /* UIKit.framework in Frameworks */ = {isa = PBXBuildFile; fileRef = D01E39A31654AABD00C26BF0 /* UIKit.framework */; };
		D01E39A61654AABD00C26BF0 /* Foundation.framework in Frameworks */ = {isa = PBXBuildFile; fileRef = D01E39A51654AABD00C26BF0 /* Foundation.framework */; };
		D01E39A81654AABD00C26BF0 /* CoreGraphics.framework in Frameworks */ = {isa = PBXBuildFile; fileRef = D01E39A71654AABD00C26BF0 /* CoreGraphics.framework */; };
		D01E39AE1654AABD00C26BF0 /* InfoPlist.strings in Resources */ = {isa = PBXBuildFile; fileRef = D01E39AC1654AABD00C26BF0 /* InfoPlist.strings */; };
		D01E39B01654AABD00C26BF0 /* main.m in Sources */ = {isa = PBXBuildFile; fileRef = D01E39AF1654AABD00C26BF0 /* main.m */; };
		D01E39B41654AABD00C26BF0 /* pLAppDelegate.m in Sources */ = {isa = PBXBuildFile; fileRef = D01E39B31654AABD00C26BF0 /* pLAppDelegate.m */; };
		D01E39B61654AABD00C26BF0 /* Default.png in Resources */ = {isa = PBXBuildFile; fileRef = D01E39B51654AABD00C26BF0 /* Default.png */; };
		D01E39B81654AABD00C26BF0 /* Default@2x.png in Resources */ = {isa = PBXBuildFile; fileRef = D01E39B71654AABD00C26BF0 /* Default@2x.png */; };
		D01E39BA1654AABD00C26BF0 /* Default-568h@2x.png in Resources */ = {isa = PBXBuildFile; fileRef = D01E39B91654AABD00C26BF0 /* Default-568h@2x.png */; };
		D01E39BD1654AABD00C26BF0 /* MainStoryboard.storyboard in Resources */ = {isa = PBXBuildFile; fileRef = D01E39BB1654AABD00C26BF0 /* MainStoryboard.storyboard */; };
		D01E39C01654AABD00C26BF0 /* pLFirstViewController.m in Sources */ = {isa = PBXBuildFile; fileRef = D01E39BF1654AABD00C26BF0 /* pLFirstViewController.m */; };
		D01E39C21654AABD00C26BF0 /* first.png in Resources */ = {isa = PBXBuildFile; fileRef = D01E39C11654AABD00C26BF0 /* first.png */; };
		D01E39C41654AABD00C26BF0 /* first@2x.png in Resources */ = {isa = PBXBuildFile; fileRef = D01E39C31654AABD00C26BF0 /* first@2x.png */; };
		D01E39C71654AABD00C26BF0 /* pLSecondViewController.m in Sources */ = {isa = PBXBuildFile; fileRef = D01E39C61654AABD00C26BF0 /* pLSecondViewController.m */; };
		D01E39C91654AABD00C26BF0 /* second.png in Resources */ = {isa = PBXBuildFile; fileRef = D01E39C81654AABD00C26BF0 /* second.png */; };
		D01E39CB1654AABD00C26BF0 /* second@2x.png in Resources */ = {isa = PBXBuildFile; fileRef = D01E39CA1654AABD00C26BF0 /* second@2x.png */; };
		D01E39D31654AABD00C26BF0 /* SenTestingKit.framework in Frameworks */ = {isa = PBXBuildFile; fileRef = D01E39D21654AABD00C26BF0 /* SenTestingKit.framework */; };
		D01E39D41654AABD00C26BF0 /* UIKit.framework in Frameworks */ = {isa = PBXBuildFile; fileRef = D01E39A31654AABD00C26BF0 /* UIKit.framework */; };
		D01E39D51654AABD00C26BF0 /* Foundation.framework in Frameworks */ = {isa = PBXBuildFile; fileRef = D01E39A51654AABD00C26BF0 /* Foundation.framework */; };
		D01E39DD1654AABD00C26BF0 /* InfoPlist.strings in Resources */ = {isa = PBXBuildFile; fileRef = D01E39DB1654AABD00C26BF0 /* InfoPlist.strings */; };
		D01E39E01654AABD00C26BF0 /* PrayListTests.m in Sources */ = {isa = PBXBuildFile; fileRef = D01E39DF1654AABD00C26BF0 /* PrayListTests.m */; };
		D01E3A091654AD2F00C26BF0 /* CFNetwork.framework in Frameworks */ = {isa = PBXBuildFile; fileRef = D01E3A021654AD2F00C26BF0 /* CFNetwork.framework */; };
		D01E3A0A1654AD2F00C26BF0 /* CoreData.framework in Frameworks */ = {isa = PBXBuildFile; fileRef = D01E3A031654AD2F00C26BF0 /* CoreData.framework */; };
		D01E3A0B1654AD2F00C26BF0 /* libxml2.dylib in Frameworks */ = {isa = PBXBuildFile; fileRef = D01E3A041654AD2F00C26BF0 /* libxml2.dylib */; };
		D01E3A0C1654AD2F00C26BF0 /* MobileCoreServices.framework in Frameworks */ = {isa = PBXBuildFile; fileRef = D01E3A051654AD2F00C26BF0 /* MobileCoreServices.framework */; };
		D01E3A0D1654AD2F00C26BF0 /* QuartzCore.framework in Frameworks */ = {isa = PBXBuildFile; fileRef = D01E3A061654AD2F00C26BF0 /* QuartzCore.framework */; };
		D01E3A0E1654AD2F00C26BF0 /* Security.framework in Frameworks */ = {isa = PBXBuildFile; fileRef = D01E3A071654AD2F00C26BF0 /* Security.framework */; };
		D01E3A0F1654AD2F00C26BF0 /* SystemConfiguration.framework in Frameworks */ = {isa = PBXBuildFile; fileRef = D01E3A081654AD2F00C26BF0 /* SystemConfiguration.framework */; };
		D01EA2F616C47B4C0050E152 /* pLAppUtils.m in Sources */ = {isa = PBXBuildFile; fileRef = D01EA2F516C47B4C0050E152 /* pLAppUtils.m */; };
		D01EA2F916C63BF50050E152 /* pLPrayerRequest.m in Sources */ = {isa = PBXBuildFile; fileRef = D01EA2F816C63BF50050E152 /* pLPrayerRequest.m */; };
		D01EA2FC16C719550050E152 /* pLPrayerRequestCell.m in Sources */ = {isa = PBXBuildFile; fileRef = D01EA2FB16C719550050E152 /* pLPrayerRequestCell.m */; };
		D01EA2FE16C719BB0050E152 /* PrayerRequestCellView.xib in Resources */ = {isa = PBXBuildFile; fileRef = D01EA2FD16C719BB0050E152 /* PrayerRequestCellView.xib */; };
		D01EA30116D452E50050E152 /* pLPostRequestController.m in Sources */ = {isa = PBXBuildFile; fileRef = D01EA30016D452E50050E152 /* pLPostRequestController.m */; };
		D0265B751721DA94005B99CA /* EGORefreshTableHeaderView.m in Sources */ = {isa = PBXBuildFile; fileRef = D0265B741721DA94005B99CA /* EGORefreshTableHeaderView.m */; };
		D03CE701172A1EAD00DC828F /* praybutton.png in Resources */ = {isa = PBXBuildFile; fileRef = D03CE700172A1EAD00DC828F /* praybutton.png */; };
		D03CE705172B240B00DC828F /* prayerlisticon@2x.png in Resources */ = {isa = PBXBuildFile; fileRef = D03CE704172B240B00DC828F /* prayerlisticon@2x.png */; };
		D03CE707172B255300DC828F /* prayerlisticon.png in Resources */ = {isa = PBXBuildFile; fileRef = D03CE706172B255300DC828F /* prayerlisticon.png */; };
		D04760161668785D00D13E64 /* me.png in Resources */ = {isa = PBXBuildFile; fileRef = D04760151668785D00D13E64 /* me.png */; };
		D0544EA516DD5B9B004EDC8C /* pLGroup.m in Sources */ = {isa = PBXBuildFile; fileRef = D0544EA416DD5B9B004EDC8C /* pLGroup.m */; };
		D0544EA816DD8829004EDC8C /* pLSelectGroupforPostViewController.m in Sources */ = {isa = PBXBuildFile; fileRef = D0544EA716DD8829004EDC8C /* pLSelectGroupforPostViewController.m */; };
		D0544EAA16DD992C004EDC8C /* pLGroupCollectionCell.xib in Resources */ = {isa = PBXBuildFile; fileRef = D0544EA916DD992C004EDC8C /* pLGroupCollectionCell.xib */; };
		D0544EAD16DEB581004EDC8C /* pLGroupCollectionCell.m in Sources */ = {isa = PBXBuildFile; fileRef = D0544EAC16DEB581004EDC8C /* pLGroupCollectionCell.m */; };
		D05D3B98173A1EAB009D5FD1 /* pLGroupCell.m in Sources */ = {isa = PBXBuildFile; fileRef = D05D3B97173A1EAB009D5FD1 /* pLGroupCell.m */; };
		D06E202C16BA3A590002F17B /* pLLoginViewController.m in Sources */ = {isa = PBXBuildFile; fileRef = D06E202B16BA3A590002F17B /* pLLoginViewController.m */; };
		D06EF3B51702476D00B06270 /* pLPerson.m in Sources */ = {isa = PBXBuildFile; fileRef = D06EF3B41702476D00B06270 /* pLPerson.m */; };
		D06F475B1655A5EF00C2CD63 /* pLPrayerRequestListItem.m in Sources */ = {isa = PBXBuildFile; fileRef = D06F475A1655A5EF00C2CD63 /* pLPrayerRequestListItem.m */; };
		D06F475F1656E4D000C2CD63 /* pLPrayerListItemCell.m in Sources */ = {isa = PBXBuildFile; fileRef = D06F475E1656E4D000C2CD63 /* pLPrayerListItemCell.m */; };
		D06F47611656E5FC00C2CD63 /* PrayerListItemCellView.xib in Resources */ = {isa = PBXBuildFile; fileRef = D06F47601656E5FC00C2CD63 /* PrayerListItemCellView.xib */; };
		D073270716BC950E00169F24 /* pLSettingsViewController.m in Sources */ = {isa = PBXBuildFile; fileRef = D073270616BC950E00169F24 /* pLSettingsViewController.m */; };
		D073270C16BCFB8500169F24 /* pLLoginRequest.m in Sources */ = {isa = PBXBuildFile; fileRef = D073270B16BCFB8500169F24 /* pLLoginRequest.m */; };
		D07ACFF71707C9C40095B402 /* pLResponse.m in Sources */ = {isa = PBXBuildFile; fileRef = D07ACFF61707C9C40095B402 /* pLResponse.m */; };
		D07B3FFC1727327700BA5401 /* pLCommentCellView.xib in Resources */ = {isa = PBXBuildFile; fileRef = D07B3FFB1727327700BA5401 /* pLCommentCellView.xib */; };
		D07B3FFF172732E500BA5401 /* pLCommentCell.m in Sources */ = {isa = PBXBuildFile; fileRef = D07B3FFE172732E500BA5401 /* pLCommentCell.m */; };
		D07B40051727361100BA5401 /* pLComment.m in Sources */ = {isa = PBXBuildFile; fileRef = D07B40041727361100BA5401 /* pLComment.m */; };
		D09B9E2F173C59B3002AF6E3 /* pLGroupMemberCell.m in Sources */ = {isa = PBXBuildFile; fileRef = D09B9E2E173C59B3002AF6E3 /* pLGroupMemberCell.m */; };
		D09B9E31173C5B71002AF6E3 /* nouserimage.png in Resources */ = {isa = PBXBuildFile; fileRef = D09B9E30173C5B71002AF6E3 /* nouserimage.png */; };
		D09B9E35173C71C2002AF6E3 /* personalgroupicon.png in Resources */ = {isa = PBXBuildFile; fileRef = D09B9E32173C71C2002AF6E3 /* personalgroupicon.png */; };
		D09B9E36173C71C2002AF6E3 /* privategroupicon.png in Resources */ = {isa = PBXBuildFile; fileRef = D09B9E33173C71C2002AF6E3 /* privategroupicon.png */; };
		D09B9E37173C71C2002AF6E3 /* publicgroupicon.png in Resources */ = {isa = PBXBuildFile; fileRef = D09B9E34173C71C2002AF6E3 /* publicgroupicon.png */; };
		D09B9E3A173C71D2002AF6E3 /* groupicon.png in Resources */ = {isa = PBXBuildFile; fileRef = D09B9E38173C71D2002AF6E3 /* groupicon.png */; };
		D09B9E3B173C71D2002AF6E3 /* groupicon@2x.png in Resources */ = {isa = PBXBuildFile; fileRef = D09B9E39173C71D2002AF6E3 /* groupicon@2x.png */; };
		D09B9E3F173C7509002AF6E3 /* personalgroupicon_title.png in Resources */ = {isa = PBXBuildFile; fileRef = D09B9E3E173C7509002AF6E3 /* personalgroupicon_title.png */; };
		D09B9E42173C777E002AF6E3 /* privategroupicon_title.png in Resources */ = {isa = PBXBuildFile; fileRef = D09B9E40173C777E002AF6E3 /* privategroupicon_title.png */; };
		D09B9E43173C777E002AF6E3 /* publicgroupicon_title.png in Resources */ = {isa = PBXBuildFile; fileRef = D09B9E41173C777E002AF6E3 /* publicgroupicon_title.png */; };
		D0B177D616FBCC3B005EEC82 /* pLGroupListViewController.m in Sources */ = {isa = PBXBuildFile; fileRef = D0B177D516FBCC3B005EEC82 /* pLGroupListViewController.m */; };
		D0B177DC16FBD649005EEC82 /* pLEditGroupViewController.m in Sources */ = {isa = PBXBuildFile; fileRef = D0B177DB16FBD649005EEC82 /* pLEditGroupViewController.m */; };
		D0B177DF16FE7780005EEC82 /* pLLoginResponse.m in Sources */ = {isa = PBXBuildFile; fileRef = D0B177DE16FE7780005EEC82 /* pLLoginResponse.m */; };
		D0B31B261729D64E00AE0055 /* Default-568h@2x.png in Resources */ = {isa = PBXBuildFile; fileRef = D0B31B251729D64E00AE0055 /* Default-568h@2x.png */; };
		D0B31B2A1729D88500AE0055 /* Default@2x.png in Resources */ = {isa = PBXBuildFile; fileRef = D0B31B291729D88500AE0055 /* Default@2x.png */; };
		D0B31B2C1729DA5400AE0055 /* Icon_Retina.png in Resources */ = {isa = PBXBuildFile; fileRef = D0B31B2B1729DA5400AE0055 /* Icon_Retina.png */; };
		D0B31B2E1729DBE500AE0055 /* background_iPhone5.png in Resources */ = {isa = PBXBuildFile; fileRef = D0B31B2D1729DBE500AE0055 /* background_iPhone5.png */; };
		D0B31B321729E09A00AE0055 /* logintitle.png in Resources */ = {isa = PBXBuildFile; fileRef = D0B31B311729E09A00AE0055 /* logintitle.png */; };
		D0CEC75716C1F3D600B62807 /* libRestKit.a in Frameworks */ = {isa = PBXBuildFile; fileRef = D0EE961116C1EF9A00D8021A /* libRestKit.a */; settings = {ATTRIBUTES = (Required, ); }; };
		D0EE960516C1E6F100D8021A /* pLSecurityToken.m in Sources */ = {isa = PBXBuildFile; fileRef = D0EE960416C1E6F100D8021A /* pLSecurityToken.m */; };
/* End PBXBuildFile section */

/* Begin PBXContainerItemProxy section */
		D01E39D61654AABD00C26BF0 /* PBXContainerItemProxy */ = {
			isa = PBXContainerItemProxy;
			containerPortal = D01E39961654AABD00C26BF0 /* Project object */;
			proxyType = 1;
			remoteGlobalIDString = D01E399E1654AABD00C26BF0;
			remoteInfo = PrayList;
		};
		D0CEC75416C1F3C500B62807 /* PBXContainerItemProxy */ = {
			isa = PBXContainerItemProxy;
			containerPortal = D0EE960616C1EF9900D8021A /* RestKit.xcodeproj */;
			proxyType = 1;
			remoteGlobalIDString = 25160D1514564E810060A5C5;
			remoteInfo = RestKit;
		};
		D0EE961016C1EF9A00D8021A /* PBXContainerItemProxy */ = {
			isa = PBXContainerItemProxy;
			containerPortal = D0EE960616C1EF9900D8021A /* RestKit.xcodeproj */;
			proxyType = 2;
			remoteGlobalIDString = 25160D1614564E810060A5C5;
			remoteInfo = RestKit;
		};
		D0EE961216C1EF9A00D8021A /* PBXContainerItemProxy */ = {
			isa = PBXContainerItemProxy;
			containerPortal = D0EE960616C1EF9900D8021A /* RestKit.xcodeproj */;
			proxyType = 2;
			remoteGlobalIDString = 25160D2614564E820060A5C5;
			remoteInfo = RestKitTests;
		};
		D0EE961416C1EF9A00D8021A /* PBXContainerItemProxy */ = {
			isa = PBXContainerItemProxy;
			containerPortal = D0EE960616C1EF9900D8021A /* RestKit.xcodeproj */;
			proxyType = 2;
			remoteGlobalIDString = 25160E62145651060060A5C5;
			remoteInfo = RestKitFramework;
		};
		D0EE961616C1EF9A00D8021A /* PBXContainerItemProxy */ = {
			isa = PBXContainerItemProxy;
			containerPortal = D0EE960616C1EF9900D8021A /* RestKit.xcodeproj */;
			proxyType = 2;
			remoteGlobalIDString = 25160E78145651060060A5C5;
			remoteInfo = RestKitFrameworkTests;
		};
/* End PBXContainerItemProxy section */

/* Begin PBXFileReference section */
		D001A11A1725F25B004789CD /* pLRequestCommentViewController.h */ = {isa = PBXFileReference; fileEncoding = 4; lastKnownFileType = sourcecode.c.h; path = pLRequestCommentViewController.h; sourceTree = "<group>"; };
		D001A11B1725F25B004789CD /* pLRequestCommentViewController.m */ = {isa = PBXFileReference; fileEncoding = 4; lastKnownFileType = sourcecode.c.objc; path = pLRequestCommentViewController.m; sourceTree = "<group>"; };
		D01E399F1654AABD00C26BF0 /* PrayList.app */ = {isa = PBXFileReference; explicitFileType = wrapper.application; includeInIndex = 0; path = PrayList.app; sourceTree = BUILT_PRODUCTS_DIR; };
		D01E39A31654AABD00C26BF0 /* UIKit.framework */ = {isa = PBXFileReference; lastKnownFileType = wrapper.framework; name = UIKit.framework; path = System/Library/Frameworks/UIKit.framework; sourceTree = SDKROOT; };
		D01E39A51654AABD00C26BF0 /* Foundation.framework */ = {isa = PBXFileReference; lastKnownFileType = wrapper.framework; name = Foundation.framework; path = System/Library/Frameworks/Foundation.framework; sourceTree = SDKROOT; };
		D01E39A71654AABD00C26BF0 /* CoreGraphics.framework */ = {isa = PBXFileReference; lastKnownFileType = wrapper.framework; name = CoreGraphics.framework; path = System/Library/Frameworks/CoreGraphics.framework; sourceTree = SDKROOT; };
		D01E39AB1654AABD00C26BF0 /* PrayList-Info.plist */ = {isa = PBXFileReference; lastKnownFileType = text.plist.xml; path = "PrayList-Info.plist"; sourceTree = "<group>"; };
		D01E39AD1654AABD00C26BF0 /* en */ = {isa = PBXFileReference; lastKnownFileType = text.plist.strings; name = en; path = en.lproj/InfoPlist.strings; sourceTree = "<group>"; };
		D01E39AF1654AABD00C26BF0 /* main.m */ = {isa = PBXFileReference; lastKnownFileType = sourcecode.c.objc; path = main.m; sourceTree = "<group>"; };
		D01E39B11654AABD00C26BF0 /* PrayList-Prefix.pch */ = {isa = PBXFileReference; lastKnownFileType = sourcecode.c.h; path = "PrayList-Prefix.pch"; sourceTree = "<group>"; };
		D01E39B21654AABD00C26BF0 /* pLAppDelegate.h */ = {isa = PBXFileReference; lastKnownFileType = sourcecode.c.h; path = pLAppDelegate.h; sourceTree = "<group>"; };
		D01E39B31654AABD00C26BF0 /* pLAppDelegate.m */ = {isa = PBXFileReference; lastKnownFileType = sourcecode.c.objc; path = pLAppDelegate.m; sourceTree = "<group>"; };
		D01E39B51654AABD00C26BF0 /* Default.png */ = {isa = PBXFileReference; lastKnownFileType = image.png; path = Default.png; sourceTree = "<group>"; };
		D01E39B71654AABD00C26BF0 /* Default@2x.png */ = {isa = PBXFileReference; lastKnownFileType = image.png; path = "Default@2x.png"; sourceTree = "<group>"; };
		D01E39B91654AABD00C26BF0 /* Default-568h@2x.png */ = {isa = PBXFileReference; lastKnownFileType = image.png; path = "Default-568h@2x.png"; sourceTree = "<group>"; };
		D01E39BC1654AABD00C26BF0 /* en */ = {isa = PBXFileReference; lastKnownFileType = file.storyboard; name = en; path = en.lproj/MainStoryboard.storyboard; sourceTree = "<group>"; };
		D01E39BE1654AABD00C26BF0 /* pLFirstViewController.h */ = {isa = PBXFileReference; lastKnownFileType = sourcecode.c.h; path = pLFirstViewController.h; sourceTree = "<group>"; };
		D01E39BF1654AABD00C26BF0 /* pLFirstViewController.m */ = {isa = PBXFileReference; lastKnownFileType = sourcecode.c.objc; path = pLFirstViewController.m; sourceTree = "<group>"; };
		D01E39C11654AABD00C26BF0 /* first.png */ = {isa = PBXFileReference; lastKnownFileType = image.png; path = first.png; sourceTree = "<group>"; };
		D01E39C31654AABD00C26BF0 /* first@2x.png */ = {isa = PBXFileReference; lastKnownFileType = image.png; path = "first@2x.png"; sourceTree = "<group>"; };
		D01E39C51654AABD00C26BF0 /* pLSecondViewController.h */ = {isa = PBXFileReference; lastKnownFileType = sourcecode.c.h; path = pLSecondViewController.h; sourceTree = "<group>"; };
		D01E39C61654AABD00C26BF0 /* pLSecondViewController.m */ = {isa = PBXFileReference; lastKnownFileType = sourcecode.c.objc; path = pLSecondViewController.m; sourceTree = "<group>"; };
		D01E39C81654AABD00C26BF0 /* second.png */ = {isa = PBXFileReference; lastKnownFileType = image.png; path = second.png; sourceTree = "<group>"; };
		D01E39CA1654AABD00C26BF0 /* second@2x.png */ = {isa = PBXFileReference; lastKnownFileType = image.png; path = "second@2x.png"; sourceTree = "<group>"; };
		D01E39D11654AABD00C26BF0 /* PrayListTests.octest */ = {isa = PBXFileReference; explicitFileType = wrapper.cfbundle; includeInIndex = 0; path = PrayListTests.octest; sourceTree = BUILT_PRODUCTS_DIR; };
		D01E39D21654AABD00C26BF0 /* SenTestingKit.framework */ = {isa = PBXFileReference; lastKnownFileType = wrapper.framework; name = SenTestingKit.framework; path = Library/Frameworks/SenTestingKit.framework; sourceTree = DEVELOPER_DIR; };
		D01E39DA1654AABD00C26BF0 /* PrayListTests-Info.plist */ = {isa = PBXFileReference; lastKnownFileType = text.plist.xml; path = "PrayListTests-Info.plist"; sourceTree = "<group>"; };
		D01E39DC1654AABD00C26BF0 /* en */ = {isa = PBXFileReference; lastKnownFileType = text.plist.strings; name = en; path = en.lproj/InfoPlist.strings; sourceTree = "<group>"; };
		D01E39DE1654AABD00C26BF0 /* PrayListTests.h */ = {isa = PBXFileReference; lastKnownFileType = sourcecode.c.h; path = PrayListTests.h; sourceTree = "<group>"; };
		D01E39DF1654AABD00C26BF0 /* PrayListTests.m */ = {isa = PBXFileReference; lastKnownFileType = sourcecode.c.objc; path = PrayListTests.m; sourceTree = "<group>"; };
		D01E3A021654AD2F00C26BF0 /* CFNetwork.framework */ = {isa = PBXFileReference; lastKnownFileType = wrapper.framework; name = CFNetwork.framework; path = System/Library/Frameworks/CFNetwork.framework; sourceTree = SDKROOT; };
		D01E3A031654AD2F00C26BF0 /* CoreData.framework */ = {isa = PBXFileReference; lastKnownFileType = wrapper.framework; name = CoreData.framework; path = System/Library/Frameworks/CoreData.framework; sourceTree = SDKROOT; };
		D01E3A041654AD2F00C26BF0 /* libxml2.dylib */ = {isa = PBXFileReference; lastKnownFileType = "compiled.mach-o.dylib"; name = libxml2.dylib; path = usr/lib/libxml2.dylib; sourceTree = SDKROOT; };
		D01E3A051654AD2F00C26BF0 /* MobileCoreServices.framework */ = {isa = PBXFileReference; lastKnownFileType = wrapper.framework; name = MobileCoreServices.framework; path = System/Library/Frameworks/MobileCoreServices.framework; sourceTree = SDKROOT; };
		D01E3A061654AD2F00C26BF0 /* QuartzCore.framework */ = {isa = PBXFileReference; lastKnownFileType = wrapper.framework; name = QuartzCore.framework; path = System/Library/Frameworks/QuartzCore.framework; sourceTree = SDKROOT; };
		D01E3A071654AD2F00C26BF0 /* Security.framework */ = {isa = PBXFileReference; lastKnownFileType = wrapper.framework; name = Security.framework; path = System/Library/Frameworks/Security.framework; sourceTree = SDKROOT; };
		D01E3A081654AD2F00C26BF0 /* SystemConfiguration.framework */ = {isa = PBXFileReference; lastKnownFileType = wrapper.framework; name = SystemConfiguration.framework; path = System/Library/Frameworks/SystemConfiguration.framework; sourceTree = SDKROOT; };
		D01EA2F416C47B4C0050E152 /* pLAppUtils.h */ = {isa = PBXFileReference; fileEncoding = 4; lastKnownFileType = sourcecode.c.h; path = pLAppUtils.h; sourceTree = "<group>"; };
		D01EA2F516C47B4C0050E152 /* pLAppUtils.m */ = {isa = PBXFileReference; fileEncoding = 4; lastKnownFileType = sourcecode.c.objc; path = pLAppUtils.m; sourceTree = "<group>"; };
		D01EA2F716C63BF50050E152 /* pLPrayerRequest.h */ = {isa = PBXFileReference; fileEncoding = 4; lastKnownFileType = sourcecode.c.h; path = pLPrayerRequest.h; sourceTree = "<group>"; };
		D01EA2F816C63BF50050E152 /* pLPrayerRequest.m */ = {isa = PBXFileReference; fileEncoding = 4; lastKnownFileType = sourcecode.c.objc; path = pLPrayerRequest.m; sourceTree = "<group>"; };
		D01EA2FA16C719540050E152 /* pLPrayerRequestCell.h */ = {isa = PBXFileReference; fileEncoding = 4; lastKnownFileType = sourcecode.c.h; path = pLPrayerRequestCell.h; sourceTree = "<group>"; };
		D01EA2FB16C719550050E152 /* pLPrayerRequestCell.m */ = {isa = PBXFileReference; fileEncoding = 4; lastKnownFileType = sourcecode.c.objc; path = pLPrayerRequestCell.m; sourceTree = "<group>"; };
		D01EA2FD16C719BB0050E152 /* PrayerRequestCellView.xib */ = {isa = PBXFileReference; fileEncoding = 4; lastKnownFileType = file.xib; path = PrayerRequestCellView.xib; sourceTree = "<group>"; };
		D01EA2FF16D452E50050E152 /* pLPostRequestController.h */ = {isa = PBXFileReference; fileEncoding = 4; lastKnownFileType = sourcecode.c.h; path = pLPostRequestController.h; sourceTree = "<group>"; };
		D01EA30016D452E50050E152 /* pLPostRequestController.m */ = {isa = PBXFileReference; fileEncoding = 4; lastKnownFileType = sourcecode.c.objc; path = pLPostRequestController.m; sourceTree = "<group>"; };
		D0265B731721DA94005B99CA /* EGORefreshTableHeaderView.h */ = {isa = PBXFileReference; fileEncoding = 4; lastKnownFileType = sourcecode.c.h; path = EGORefreshTableHeaderView.h; sourceTree = "<group>"; };
		D0265B741721DA94005B99CA /* EGORefreshTableHeaderView.m */ = {isa = PBXFileReference; fileEncoding = 4; lastKnownFileType = sourcecode.c.objc; path = EGORefreshTableHeaderView.m; sourceTree = "<group>"; };
		D03CE700172A1EAD00DC828F /* praybutton.png */ = {isa = PBXFileReference; lastKnownFileType = image.png; name = praybutton.png; path = "../../Google Drive/PrayList Artwork/Optimized/praybutton.png"; sourceTree = "<group>"; };
		D03CE704172B240B00DC828F /* prayerlisticon@2x.png */ = {isa = PBXFileReference; lastKnownFileType = image.png; name = "prayerlisticon@2x.png"; path = "../../../Google Drive/PrayList Artwork/Optimized/prayerlisticon@2x.png"; sourceTree = "<group>"; };
		D03CE706172B255300DC828F /* prayerlisticon.png */ = {isa = PBXFileReference; lastKnownFileType = image.png; name = prayerlisticon.png; path = "../../../Google Drive/PrayList Artwork/Optimized/prayerlisticon.png"; sourceTree = "<group>"; };
		D04760151668785D00D13E64 /* me.png */ = {isa = PBXFileReference; lastKnownFileType = image.png; path = me.png; sourceTree = "<group>"; };
		D0544EA316DD5B9B004EDC8C /* pLGroup.h */ = {isa = PBXFileReference; fileEncoding = 4; lastKnownFileType = sourcecode.c.h; path = pLGroup.h; sourceTree = "<group>"; };
		D0544EA416DD5B9B004EDC8C /* pLGroup.m */ = {isa = PBXFileReference; fileEncoding = 4; lastKnownFileType = sourcecode.c.objc; path = pLGroup.m; sourceTree = "<group>"; };
		D0544EA616DD8829004EDC8C /* pLSelectGroupforPostViewController.h */ = {isa = PBXFileReference; fileEncoding = 4; lastKnownFileType = sourcecode.c.h; path = pLSelectGroupforPostViewController.h; sourceTree = "<group>"; };
		D0544EA716DD8829004EDC8C /* pLSelectGroupforPostViewController.m */ = {isa = PBXFileReference; fileEncoding = 4; lastKnownFileType = sourcecode.c.objc; path = pLSelectGroupforPostViewController.m; sourceTree = "<group>"; };
		D0544EA916DD992C004EDC8C /* pLGroupCollectionCell.xib */ = {isa = PBXFileReference; fileEncoding = 4; lastKnownFileType = file.xib; path = pLGroupCollectionCell.xib; sourceTree = "<group>"; };
		D0544EAB16DEB581004EDC8C /* pLGroupCollectionCell.h */ = {isa = PBXFileReference; fileEncoding = 4; lastKnownFileType = sourcecode.c.h; path = pLGroupCollectionCell.h; sourceTree = "<group>"; };
		D0544EAC16DEB581004EDC8C /* pLGroupCollectionCell.m */ = {isa = PBXFileReference; fileEncoding = 4; lastKnownFileType = sourcecode.c.objc; path = pLGroupCollectionCell.m; sourceTree = "<group>"; };
		D05D3B96173A1EAB009D5FD1 /* pLGroupCell.h */ = {isa = PBXFileReference; fileEncoding = 4; lastKnownFileType = sourcecode.c.h; path = pLGroupCell.h; sourceTree = "<group>"; };
		D05D3B97173A1EAB009D5FD1 /* pLGroupCell.m */ = {isa = PBXFileReference; fileEncoding = 4; lastKnownFileType = sourcecode.c.objc; path = pLGroupCell.m; sourceTree = "<group>"; };
		D06E202A16BA3A590002F17B /* pLLoginViewController.h */ = {isa = PBXFileReference; fileEncoding = 4; lastKnownFileType = sourcecode.c.h; name = pLLoginViewController.h; path = ../pLLoginViewController.h; sourceTree = "<group>"; };
		D06E202B16BA3A590002F17B /* pLLoginViewController.m */ = {isa = PBXFileReference; fileEncoding = 4; lastKnownFileType = sourcecode.c.objc; name = pLLoginViewController.m; path = ../pLLoginViewController.m; sourceTree = "<group>"; };
		D06EF3B31702476D00B06270 /* pLPerson.h */ = {isa = PBXFileReference; fileEncoding = 4; lastKnownFileType = sourcecode.c.h; path = pLPerson.h; sourceTree = "<group>"; };
		D06EF3B41702476D00B06270 /* pLPerson.m */ = {isa = PBXFileReference; fileEncoding = 4; lastKnownFileType = sourcecode.c.objc; path = pLPerson.m; sourceTree = "<group>"; };
		D06F47591655A5EF00C2CD63 /* pLPrayerRequestListItem.h */ = {isa = PBXFileReference; fileEncoding = 4; lastKnownFileType = sourcecode.c.h; path = pLPrayerRequestListItem.h; sourceTree = "<group>"; };
		D06F475A1655A5EF00C2CD63 /* pLPrayerRequestListItem.m */ = {isa = PBXFileReference; fileEncoding = 4; lastKnownFileType = sourcecode.c.objc; path = pLPrayerRequestListItem.m; sourceTree = "<group>"; };
		D06F475D1656E4D000C2CD63 /* pLPrayerListItemCell.h */ = {isa = PBXFileReference; fileEncoding = 4; lastKnownFileType = sourcecode.c.h; path = pLPrayerListItemCell.h; sourceTree = "<group>"; };
		D06F475E1656E4D000C2CD63 /* pLPrayerListItemCell.m */ = {isa = PBXFileReference; fileEncoding = 4; lastKnownFileType = sourcecode.c.objc; path = pLPrayerListItemCell.m; sourceTree = "<group>"; };
		D06F47601656E5FC00C2CD63 /* PrayerListItemCellView.xib */ = {isa = PBXFileReference; fileEncoding = 4; lastKnownFileType = file.xib; path = PrayerListItemCellView.xib; sourceTree = "<group>"; };
		D073270516BC950E00169F24 /* pLSettingsViewController.h */ = {isa = PBXFileReference; fileEncoding = 4; lastKnownFileType = sourcecode.c.h; path = pLSettingsViewController.h; sourceTree = "<group>"; };
		D073270616BC950E00169F24 /* pLSettingsViewController.m */ = {isa = PBXFileReference; fileEncoding = 4; lastKnownFileType = sourcecode.c.objc; path = pLSettingsViewController.m; sourceTree = "<group>"; };
		D073270A16BCFB8500169F24 /* pLLoginRequest.h */ = {isa = PBXFileReference; fileEncoding = 4; lastKnownFileType = sourcecode.c.h; path = pLLoginRequest.h; sourceTree = "<group>"; };
		D073270B16BCFB8500169F24 /* pLLoginRequest.m */ = {isa = PBXFileReference; fileEncoding = 4; lastKnownFileType = sourcecode.c.objc; path = pLLoginRequest.m; sourceTree = "<group>"; };
		D07ACFF51707C9C40095B402 /* pLResponse.h */ = {isa = PBXFileReference; fileEncoding = 4; lastKnownFileType = sourcecode.c.h; path = pLResponse.h; sourceTree = "<group>"; };
		D07ACFF61707C9C40095B402 /* pLResponse.m */ = {isa = PBXFileReference; fileEncoding = 4; lastKnownFileType = sourcecode.c.objc; path = pLResponse.m; sourceTree = "<group>"; };
		D07B3FFB1727327700BA5401 /* pLCommentCellView.xib */ = {isa = PBXFileReference; fileEncoding = 4; lastKnownFileType = file.xib; path = pLCommentCellView.xib; sourceTree = "<group>"; };
		D07B3FFD172732E500BA5401 /* pLCommentCell.h */ = {isa = PBXFileReference; fileEncoding = 4; lastKnownFileType = sourcecode.c.h; path = pLCommentCell.h; sourceTree = "<group>"; };
		D07B3FFE172732E500BA5401 /* pLCommentCell.m */ = {isa = PBXFileReference; fileEncoding = 4; lastKnownFileType = sourcecode.c.objc; path = pLCommentCell.m; sourceTree = "<group>"; };
		D07B40031727361100BA5401 /* pLComment.h */ = {isa = PBXFileReference; fileEncoding = 4; lastKnownFileType = sourcecode.c.h; path = pLComment.h; sourceTree = "<group>"; };
		D07B40041727361100BA5401 /* pLComment.m */ = {isa = PBXFileReference; fileEncoding = 4; lastKnownFileType = sourcecode.c.objc; path = pLComment.m; sourceTree = "<group>"; };
		D09B9E2D173C59B3002AF6E3 /* pLGroupMemberCell.h */ = {isa = PBXFileReference; fileEncoding = 4; lastKnownFileType = sourcecode.c.h; path = pLGroupMemberCell.h; sourceTree = "<group>"; };
		D09B9E2E173C59B3002AF6E3 /* pLGroupMemberCell.m */ = {isa = PBXFileReference; fileEncoding = 4; lastKnownFileType = sourcecode.c.objc; path = pLGroupMemberCell.m; sourceTree = "<group>"; };
		D09B9E30173C5B71002AF6E3 /* nouserimage.png */ = {isa = PBXFileReference; lastKnownFileType = image.png; path = nouserimage.png; sourceTree = "<group>"; };
		D09B9E32173C71C2002AF6E3 /* personalgroupicon.png */ = {isa = PBXFileReference; lastKnownFileType = image.png; path = personalgroupicon.png; sourceTree = "<group>"; };
		D09B9E33173C71C2002AF6E3 /* privategroupicon.png */ = {isa = PBXFileReference; lastKnownFileType = image.png; path = privategroupicon.png; sourceTree = "<group>"; };
		D09B9E34173C71C2002AF6E3 /* publicgroupicon.png */ = {isa = PBXFileReference; lastKnownFileType = image.png; path = publicgroupicon.png; sourceTree = "<group>"; };
		D09B9E38173C71D2002AF6E3 /* groupicon.png */ = {isa = PBXFileReference; lastKnownFileType = image.png; path = groupicon.png; sourceTree = "<group>"; };
		D09B9E39173C71D2002AF6E3 /* groupicon@2x.png */ = {isa = PBXFileReference; lastKnownFileType = image.png; path = "groupicon@2x.png"; sourceTree = "<group>"; };
		D09B9E3E173C7509002AF6E3 /* personalgroupicon_title.png */ = {isa = PBXFileReference; lastKnownFileType = image.png; path = personalgroupicon_title.png; sourceTree = "<group>"; };
		D09B9E40173C777E002AF6E3 /* privategroupicon_title.png */ = {isa = PBXFileReference; lastKnownFileType = image.png; path = privategroupicon_title.png; sourceTree = "<group>"; };
		D09B9E41173C777E002AF6E3 /* publicgroupicon_title.png */ = {isa = PBXFileReference; lastKnownFileType = image.png; path = publicgroupicon_title.png; sourceTree = "<group>"; };
		D0B177D416FBCC3B005EEC82 /* pLGroupListViewController.h */ = {isa = PBXFileReference; fileEncoding = 4; lastKnownFileType = sourcecode.c.h; path = pLGroupListViewController.h; sourceTree = "<group>"; };
		D0B177D516FBCC3B005EEC82 /* pLGroupListViewController.m */ = {isa = PBXFileReference; fileEncoding = 4; lastKnownFileType = sourcecode.c.objc; path = pLGroupListViewController.m; sourceTree = "<group>"; };
		D0B177DA16FBD649005EEC82 /* pLEditGroupViewController.h */ = {isa = PBXFileReference; fileEncoding = 4; lastKnownFileType = sourcecode.c.h; path = pLEditGroupViewController.h; sourceTree = "<group>"; };
		D0B177DB16FBD649005EEC82 /* pLEditGroupViewController.m */ = {isa = PBXFileReference; fileEncoding = 4; lastKnownFileType = sourcecode.c.objc; path = pLEditGroupViewController.m; sourceTree = "<group>"; };
		D0B177DD16FE7780005EEC82 /* pLLoginResponse.h */ = {isa = PBXFileReference; fileEncoding = 4; lastKnownFileType = sourcecode.c.h; path = pLLoginResponse.h; sourceTree = "<group>"; };
		D0B177DE16FE7780005EEC82 /* pLLoginResponse.m */ = {isa = PBXFileReference; fileEncoding = 4; lastKnownFileType = sourcecode.c.objc; path = pLLoginResponse.m; sourceTree = "<group>"; };
		D0B31B251729D64E00AE0055 /* Default-568h@2x.png */ = {isa = PBXFileReference; lastKnownFileType = image.png; path = "Default-568h@2x.png"; sourceTree = "<group>"; };
		D0B31B291729D88500AE0055 /* Default@2x.png */ = {isa = PBXFileReference; lastKnownFileType = image.png; path = "Default@2x.png"; sourceTree = "<group>"; };
		D0B31B2B1729DA5400AE0055 /* Icon_Retina.png */ = {isa = PBXFileReference; lastKnownFileType = image.png; path = Icon_Retina.png; sourceTree = "<group>"; };
		D0B31B2D1729DBE500AE0055 /* background_iPhone5.png */ = {isa = PBXFileReference; lastKnownFileType = image.png; name = background_iPhone5.png; path = "../../Google Drive/PrayList Artwork/Optimized/background_iPhone5.png"; sourceTree = "<group>"; };
		D0B31B311729E09A00AE0055 /* logintitle.png */ = {isa = PBXFileReference; lastKnownFileType = image.png; name = logintitle.png; path = "../../Google Drive/PrayList Artwork/Optimized/logintitle.png"; sourceTree = "<group>"; };
		D0EE960316C1E6F100D8021A /* pLSecurityToken.h */ = {isa = PBXFileReference; fileEncoding = 4; lastKnownFileType = sourcecode.c.h; path = pLSecurityToken.h; sourceTree = "<group>"; };
		D0EE960416C1E6F100D8021A /* pLSecurityToken.m */ = {isa = PBXFileReference; fileEncoding = 4; lastKnownFileType = sourcecode.c.objc; path = pLSecurityToken.m; sourceTree = "<group>"; };
		D0EE960616C1EF9900D8021A /* RestKit.xcodeproj */ = {isa = PBXFileReference; lastKnownFileType = "wrapper.pb-project"; name = RestKit.xcodeproj; path = "../../Downloads/RestKit-0.20.0-rc1/RestKit.xcodeproj"; sourceTree = "<group>"; };
/* End PBXFileReference section */

/* Begin PBXFrameworksBuildPhase section */
		D01E399C1654AABD00C26BF0 /* Frameworks */ = {
			isa = PBXFrameworksBuildPhase;
			buildActionMask = 2147483647;
			files = (
				D0CEC75716C1F3D600B62807 /* libRestKit.a in Frameworks */,
				D01E3A091654AD2F00C26BF0 /* CFNetwork.framework in Frameworks */,
				D01E3A0A1654AD2F00C26BF0 /* CoreData.framework in Frameworks */,
				D01E3A0B1654AD2F00C26BF0 /* libxml2.dylib in Frameworks */,
				D01E3A0C1654AD2F00C26BF0 /* MobileCoreServices.framework in Frameworks */,
				D01E3A0D1654AD2F00C26BF0 /* QuartzCore.framework in Frameworks */,
				D01E3A0E1654AD2F00C26BF0 /* Security.framework in Frameworks */,
				D01E3A0F1654AD2F00C26BF0 /* SystemConfiguration.framework in Frameworks */,
				D01E39A41654AABD00C26BF0 /* UIKit.framework in Frameworks */,
				D01E39A61654AABD00C26BF0 /* Foundation.framework in Frameworks */,
				D01E39A81654AABD00C26BF0 /* CoreGraphics.framework in Frameworks */,
			);
			runOnlyForDeploymentPostprocessing = 0;
		};
		D01E39CD1654AABD00C26BF0 /* Frameworks */ = {
			isa = PBXFrameworksBuildPhase;
			buildActionMask = 2147483647;
			files = (
				D01E39D31654AABD00C26BF0 /* SenTestingKit.framework in Frameworks */,
				D01E39D41654AABD00C26BF0 /* UIKit.framework in Frameworks */,
				D01E39D51654AABD00C26BF0 /* Foundation.framework in Frameworks */,
			);
			runOnlyForDeploymentPostprocessing = 0;
		};
/* End PBXFrameworksBuildPhase section */

/* Begin PBXGroup section */
		D01E39941654AABD00C26BF0 = {
			isa = PBXGroup;
			children = (
				D03CE700172A1EAD00DC828F /* praybutton.png */,
				D0B31B311729E09A00AE0055 /* logintitle.png */,
				D0B31B2D1729DBE500AE0055 /* background_iPhone5.png */,
				D0B31B2B1729DA5400AE0055 /* Icon_Retina.png */,
				D0B31B291729D88500AE0055 /* Default@2x.png */,
				D0B31B251729D64E00AE0055 /* Default-568h@2x.png */,
				D0EE960616C1EF9900D8021A /* RestKit.xcodeproj */,
				D01E3A021654AD2F00C26BF0 /* CFNetwork.framework */,
				D01E3A031654AD2F00C26BF0 /* CoreData.framework */,
				D01E3A041654AD2F00C26BF0 /* libxml2.dylib */,
				D01E3A051654AD2F00C26BF0 /* MobileCoreServices.framework */,
				D01E3A061654AD2F00C26BF0 /* QuartzCore.framework */,
				D01E3A071654AD2F00C26BF0 /* Security.framework */,
				D01E3A081654AD2F00C26BF0 /* SystemConfiguration.framework */,
				D01E39A91654AABD00C26BF0 /* PrayList */,
				D01E39D81654AABD00C26BF0 /* PrayListTests */,
				D01E39A21654AABD00C26BF0 /* Frameworks */,
				D01E39A01654AABD00C26BF0 /* Products */,
			);
			sourceTree = "<group>";
		};
		D01E39A01654AABD00C26BF0 /* Products */ = {
			isa = PBXGroup;
			children = (
				D01E399F1654AABD00C26BF0 /* PrayList.app */,
				D01E39D11654AABD00C26BF0 /* PrayListTests.octest */,
			);
			name = Products;
			sourceTree = "<group>";
		};
		D01E39A21654AABD00C26BF0 /* Frameworks */ = {
			isa = PBXGroup;
			children = (
				D01E39A31654AABD00C26BF0 /* UIKit.framework */,
				D01E39A51654AABD00C26BF0 /* Foundation.framework */,
				D01E39A71654AABD00C26BF0 /* CoreGraphics.framework */,
				D01E39D21654AABD00C26BF0 /* SenTestingKit.framework */,
			);
			name = Frameworks;
			sourceTree = "<group>";
		};
		D01E39A91654AABD00C26BF0 /* PrayList */ = {
			isa = PBXGroup;
			children = (
				D01EA2F316C47B240050E152 /* AppObjects */,
				D073270916BC973900169F24 /* Artwork */,
				D073270816BC971600169F24 /* View Controllers */,
				D06F475C1656E43400C2CD63 /* Components */,
				D06F47581655A58100C2CD63 /* DataObjects */,
				D01E39B21654AABD00C26BF0 /* pLAppDelegate.h */,
				D01E39B31654AABD00C26BF0 /* pLAppDelegate.m */,
				D01E39BB1654AABD00C26BF0 /* MainStoryboard.storyboard */,
				D01E39AA1654AABD00C26BF0 /* Supporting Files */,
			);
			path = PrayList;
			sourceTree = "<group>";
		};
		D01E39AA1654AABD00C26BF0 /* Supporting Files */ = {
			isa = PBXGroup;
			children = (
				D01E39AB1654AABD00C26BF0 /* PrayList-Info.plist */,
				D01E39AC1654AABD00C26BF0 /* InfoPlist.strings */,
				D01E39AF1654AABD00C26BF0 /* main.m */,
				D01E39B11654AABD00C26BF0 /* PrayList-Prefix.pch */,
				D01E39B51654AABD00C26BF0 /* Default.png */,
				D01E39B71654AABD00C26BF0 /* Default@2x.png */,
				D01E39B91654AABD00C26BF0 /* Default-568h@2x.png */,
			);
			name = "Supporting Files";
			sourceTree = "<group>";
		};
		D01E39D81654AABD00C26BF0 /* PrayListTests */ = {
			isa = PBXGroup;
			children = (
				D01E39DE1654AABD00C26BF0 /* PrayListTests.h */,
				D01E39DF1654AABD00C26BF0 /* PrayListTests.m */,
				D01E39D91654AABD00C26BF0 /* Supporting Files */,
			);
			path = PrayListTests;
			sourceTree = "<group>";
		};
		D01E39D91654AABD00C26BF0 /* Supporting Files */ = {
			isa = PBXGroup;
			children = (
				D01E39DA1654AABD00C26BF0 /* PrayListTests-Info.plist */,
				D01E39DB1654AABD00C26BF0 /* InfoPlist.strings */,
			);
			name = "Supporting Files";
			sourceTree = "<group>";
		};
		D01EA2F316C47B240050E152 /* AppObjects */ = {
			isa = PBXGroup;
			children = (
				D01EA2F416C47B4C0050E152 /* pLAppUtils.h */,
				D01EA2F516C47B4C0050E152 /* pLAppUtils.m */,
			);
			name = AppObjects;
			sourceTree = "<group>";
		};
		D06F47581655A58100C2CD63 /* DataObjects */ = {
			isa = PBXGroup;
			children = (
				D06F47591655A5EF00C2CD63 /* pLPrayerRequestListItem.h */,
				D06F475A1655A5EF00C2CD63 /* pLPrayerRequestListItem.m */,
				D073270A16BCFB8500169F24 /* pLLoginRequest.h */,
				D073270B16BCFB8500169F24 /* pLLoginRequest.m */,
				D0EE960316C1E6F100D8021A /* pLSecurityToken.h */,
				D0EE960416C1E6F100D8021A /* pLSecurityToken.m */,
				D01EA2F716C63BF50050E152 /* pLPrayerRequest.h */,
				D01EA2F816C63BF50050E152 /* pLPrayerRequest.m */,
				D0544EA316DD5B9B004EDC8C /* pLGroup.h */,
				D0544EA416DD5B9B004EDC8C /* pLGroup.m */,
				D0B177DD16FE7780005EEC82 /* pLLoginResponse.h */,
				D0B177DE16FE7780005EEC82 /* pLLoginResponse.m */,
				D06EF3B31702476D00B06270 /* pLPerson.h */,
				D06EF3B41702476D00B06270 /* pLPerson.m */,
				D07ACFF51707C9C40095B402 /* pLResponse.h */,
				D07ACFF61707C9C40095B402 /* pLResponse.m */,
				D07B40031727361100BA5401 /* pLComment.h */,
				D07B40041727361100BA5401 /* pLComment.m */,
			);
			name = DataObjects;
			sourceTree = "<group>";
		};
		D06F475C1656E43400C2CD63 /* Components */ = {
			isa = PBXGroup;
			children = (
				D06F475D1656E4D000C2CD63 /* pLPrayerListItemCell.h */,
				D06F475E1656E4D000C2CD63 /* pLPrayerListItemCell.m */,
				D06F47601656E5FC00C2CD63 /* PrayerListItemCellView.xib */,
				D01EA2FA16C719540050E152 /* pLPrayerRequestCell.h */,
				D01EA2FB16C719550050E152 /* pLPrayerRequestCell.m */,
				D01EA2FD16C719BB0050E152 /* PrayerRequestCellView.xib */,
				D0544EA916DD992C004EDC8C /* pLGroupCollectionCell.xib */,
				D0544EAB16DEB581004EDC8C /* pLGroupCollectionCell.h */,
				D0544EAC16DEB581004EDC8C /* pLGroupCollectionCell.m */,
				D0265B731721DA94005B99CA /* EGORefreshTableHeaderView.h */,
				D0265B741721DA94005B99CA /* EGORefreshTableHeaderView.m */,
				D07B3FFB1727327700BA5401 /* pLCommentCellView.xib */,
				D07B3FFD172732E500BA5401 /* pLCommentCell.h */,
				D07B3FFE172732E500BA5401 /* pLCommentCell.m */,
				D05D3B96173A1EAB009D5FD1 /* pLGroupCell.h */,
				D05D3B97173A1EAB009D5FD1 /* pLGroupCell.m */,
				D09B9E2D173C59B3002AF6E3 /* pLGroupMemberCell.h */,
				D09B9E2E173C59B3002AF6E3 /* pLGroupMemberCell.m */,
			);
			name = Components;
			sourceTree = "<group>";
		};
		D073270816BC971600169F24 /* View Controllers */ = {
			isa = PBXGroup;
			children = (
				D01E39BE1654AABD00C26BF0 /* pLFirstViewController.h */,
				D01E39BF1654AABD00C26BF0 /* pLFirstViewController.m */,
				D01E39C51654AABD00C26BF0 /* pLSecondViewController.h */,
				D01E39C61654AABD00C26BF0 /* pLSecondViewController.m */,
				D073270516BC950E00169F24 /* pLSettingsViewController.h */,
				D073270616BC950E00169F24 /* pLSettingsViewController.m */,
				D06E202A16BA3A590002F17B /* pLLoginViewController.h */,
				D06E202B16BA3A590002F17B /* pLLoginViewController.m */,
				D01EA2FF16D452E50050E152 /* pLPostRequestController.h */,
				D01EA30016D452E50050E152 /* pLPostRequestController.m */,
				D0544EA616DD8829004EDC8C /* pLSelectGroupforPostViewController.h */,
				D0544EA716DD8829004EDC8C /* pLSelectGroupforPostViewController.m */,
				D0B177D416FBCC3B005EEC82 /* pLGroupListViewController.h */,
				D0B177D516FBCC3B005EEC82 /* pLGroupListViewController.m */,
				D0B177DA16FBD649005EEC82 /* pLEditGroupViewController.h */,
				D0B177DB16FBD649005EEC82 /* pLEditGroupViewController.m */,
				D001A11A1725F25B004789CD /* pLRequestCommentViewController.h */,
				D001A11B1725F25B004789CD /* pLRequestCommentViewController.m */,
			);
			name = "View Controllers";
			sourceTree = "<group>";
		};
		D073270916BC973900169F24 /* Artwork */ = {
			isa = PBXGroup;
			children = (
				D09B9E40173C777E002AF6E3 /* privategroupicon_title.png */,
				D09B9E41173C777E002AF6E3 /* publicgroupicon_title.png */,
				D09B9E3E173C7509002AF6E3 /* personalgroupicon_title.png */,
				D09B9E38173C71D2002AF6E3 /* groupicon.png */,
				D09B9E39173C71D2002AF6E3 /* groupicon@2x.png */,
				D09B9E32173C71C2002AF6E3 /* personalgroupicon.png */,
				D09B9E33173C71C2002AF6E3 /* privategroupicon.png */,
				D09B9E34173C71C2002AF6E3 /* publicgroupicon.png */,
				D09B9E30173C5B71002AF6E3 /* nouserimage.png */,
				D03CE706172B255300DC828F /* prayerlisticon.png */,
				D03CE704172B240B00DC828F /* prayerlisticon@2x.png */,
				D04760151668785D00D13E64 /* me.png */,
				D01E39C11654AABD00C26BF0 /* first.png */,
				D01E39C31654AABD00C26BF0 /* first@2x.png */,
				D01E39C81654AABD00C26BF0 /* second.png */,
				D01E39CA1654AABD00C26BF0 /* second@2x.png */,
			);
			name = Artwork;
			sourceTree = "<group>";
		};
		D0EE960716C1EF9900D8021A /* Products */ = {
			isa = PBXGroup;
			children = (
				D0EE961116C1EF9A00D8021A /* libRestKit.a */,
				D0EE961316C1EF9A00D8021A /* RestKitTests.octest */,
				D0EE961516C1EF9A00D8021A /* RestKit.framework */,
				D0EE961716C1EF9A00D8021A /* RestKitFrameworkTests.octest */,
			);
			name = Products;
			sourceTree = "<group>";
		};
/* End PBXGroup section */

/* Begin PBXNativeTarget section */
		D01E399E1654AABD00C26BF0 /* PrayList */ = {
			isa = PBXNativeTarget;
			buildConfigurationList = D01E39E31654AABD00C26BF0 /* Build configuration list for PBXNativeTarget "PrayList" */;
			buildPhases = (
				D01E399B1654AABD00C26BF0 /* Sources */,
				D01E399C1654AABD00C26BF0 /* Frameworks */,
				D01E399D1654AABD00C26BF0 /* Resources */,
			);
			buildRules = (
			);
			dependencies = (
				D0CEC75516C1F3C500B62807 /* PBXTargetDependency */,
			);
			name = PrayList;
			productName = PrayList;
			productReference = D01E399F1654AABD00C26BF0 /* PrayList.app */;
			productType = "com.apple.product-type.application";
		};
		D01E39D01654AABD00C26BF0 /* PrayListTests */ = {
			isa = PBXNativeTarget;
			buildConfigurationList = D01E39E61654AABD00C26BF0 /* Build configuration list for PBXNativeTarget "PrayListTests" */;
			buildPhases = (
				D01E39CC1654AABD00C26BF0 /* Sources */,
				D01E39CD1654AABD00C26BF0 /* Frameworks */,
				D01E39CE1654AABD00C26BF0 /* Resources */,
				D01E39CF1654AABD00C26BF0 /* ShellScript */,
			);
			buildRules = (
			);
			dependencies = (
				D01E39D71654AABD00C26BF0 /* PBXTargetDependency */,
			);
			name = PrayListTests;
			productName = PrayListTests;
			productReference = D01E39D11654AABD00C26BF0 /* PrayListTests.octest */;
			productType = "com.apple.product-type.bundle";
		};
/* End PBXNativeTarget section */

/* Begin PBXProject section */
		D01E39961654AABD00C26BF0 /* Project object */ = {
			isa = PBXProject;
			attributes = {
				CLASSPREFIX = pL;
				LastUpgradeCheck = 0450;
				ORGANIZATIONNAME = "Peter Opheim";
			};
			buildConfigurationList = D01E39991654AABD00C26BF0 /* Build configuration list for PBXProject "PrayList" */;
			compatibilityVersion = "Xcode 3.2";
			developmentRegion = English;
			hasScannedForEncodings = 0;
			knownRegions = (
				en,
			);
			mainGroup = D01E39941654AABD00C26BF0;
			productRefGroup = D01E39A01654AABD00C26BF0 /* Products */;
			projectDirPath = "";
			projectReferences = (
				{
					ProductGroup = D0EE960716C1EF9900D8021A /* Products */;
					ProjectRef = D0EE960616C1EF9900D8021A /* RestKit.xcodeproj */;
				},
			);
			projectRoot = "";
			targets = (
				D01E399E1654AABD00C26BF0 /* PrayList */,
				D01E39D01654AABD00C26BF0 /* PrayListTests */,
			);
		};
/* End PBXProject section */

/* Begin PBXReferenceProxy section */
		D0EE961116C1EF9A00D8021A /* libRestKit.a */ = {
			isa = PBXReferenceProxy;
			fileType = archive.ar;
			path = libRestKit.a;
			remoteRef = D0EE961016C1EF9A00D8021A /* PBXContainerItemProxy */;
			sourceTree = BUILT_PRODUCTS_DIR;
		};
		D0EE961316C1EF9A00D8021A /* RestKitTests.octest */ = {
			isa = PBXReferenceProxy;
			fileType = wrapper.cfbundle;
			path = RestKitTests.octest;
			remoteRef = D0EE961216C1EF9A00D8021A /* PBXContainerItemProxy */;
			sourceTree = BUILT_PRODUCTS_DIR;
		};
		D0EE961516C1EF9A00D8021A /* RestKit.framework */ = {
			isa = PBXReferenceProxy;
			fileType = wrapper.framework;
			path = RestKit.framework;
			remoteRef = D0EE961416C1EF9A00D8021A /* PBXContainerItemProxy */;
			sourceTree = BUILT_PRODUCTS_DIR;
		};
		D0EE961716C1EF9A00D8021A /* RestKitFrameworkTests.octest */ = {
			isa = PBXReferenceProxy;
			fileType = wrapper.cfbundle;
			path = RestKitFrameworkTests.octest;
			remoteRef = D0EE961616C1EF9A00D8021A /* PBXContainerItemProxy */;
			sourceTree = BUILT_PRODUCTS_DIR;
		};
/* End PBXReferenceProxy section */

/* Begin PBXResourcesBuildPhase section */
		D01E399D1654AABD00C26BF0 /* Resources */ = {
			isa = PBXResourcesBuildPhase;
			buildActionMask = 2147483647;
			files = (
				D01E39AE1654AABD00C26BF0 /* InfoPlist.strings in Resources */,
				D01E39B61654AABD00C26BF0 /* Default.png in Resources */,
				D01E39B81654AABD00C26BF0 /* Default@2x.png in Resources */,
				D01E39BA1654AABD00C26BF0 /* Default-568h@2x.png in Resources */,
				D01E39BD1654AABD00C26BF0 /* MainStoryboard.storyboard in Resources */,
				D01E39C21654AABD00C26BF0 /* first.png in Resources */,
				D01E39C41654AABD00C26BF0 /* first@2x.png in Resources */,
				D01E39C91654AABD00C26BF0 /* second.png in Resources */,
				D01E39CB1654AABD00C26BF0 /* second@2x.png in Resources */,
				D06F47611656E5FC00C2CD63 /* PrayerListItemCellView.xib in Resources */,
				D04760161668785D00D13E64 /* me.png in Resources */,
				D01EA2FE16C719BB0050E152 /* PrayerRequestCellView.xib in Resources */,
				D0544EAA16DD992C004EDC8C /* pLGroupCollectionCell.xib in Resources */,
				D07B3FFC1727327700BA5401 /* pLCommentCellView.xib in Resources */,
				D0B31B261729D64E00AE0055 /* Default-568h@2x.png in Resources */,
				D0B31B2A1729D88500AE0055 /* Default@2x.png in Resources */,
				D0B31B2C1729DA5400AE0055 /* Icon_Retina.png in Resources */,
				D0B31B2E1729DBE500AE0055 /* background_iPhone5.png in Resources */,
				D0B31B321729E09A00AE0055 /* logintitle.png in Resources */,
				D03CE701172A1EAD00DC828F /* praybutton.png in Resources */,
				D03CE705172B240B00DC828F /* prayerlisticon@2x.png in Resources */,
				D03CE707172B255300DC828F /* prayerlisticon.png in Resources */,
				D09B9E31173C5B71002AF6E3 /* nouserimage.png in Resources */,
				D09B9E35173C71C2002AF6E3 /* personalgroupicon.png in Resources */,
				D09B9E36173C71C2002AF6E3 /* privategroupicon.png in Resources */,
				D09B9E37173C71C2002AF6E3 /* publicgroupicon.png in Resources */,
				D09B9E3A173C71D2002AF6E3 /* groupicon.png in Resources */,
				D09B9E3B173C71D2002AF6E3 /* groupicon@2x.png in Resources */,
				D09B9E3F173C7509002AF6E3 /* personalgroupicon_title.png in Resources */,
				D09B9E42173C777E002AF6E3 /* privategroupicon_title.png in Resources */,
				D09B9E43173C777E002AF6E3 /* publicgroupicon_title.png in Resources */,
			);
			runOnlyForDeploymentPostprocessing = 0;
		};
		D01E39CE1654AABD00C26BF0 /* Resources */ = {
			isa = PBXResourcesBuildPhase;
			buildActionMask = 2147483647;
			files = (
				D01E39DD1654AABD00C26BF0 /* InfoPlist.strings in Resources */,
			);
			runOnlyForDeploymentPostprocessing = 0;
		};
/* End PBXResourcesBuildPhase section */

/* Begin PBXShellScriptBuildPhase section */
		D01E39CF1654AABD00C26BF0 /* ShellScript */ = {
			isa = PBXShellScriptBuildPhase;
			buildActionMask = 2147483647;
			files = (
			);
			inputPaths = (
			);
			outputPaths = (
			);
			runOnlyForDeploymentPostprocessing = 0;
			shellPath = /bin/sh;
			shellScript = "# Run the unit tests in this test bundle.\n\"${SYSTEM_DEVELOPER_DIR}/Tools/RunUnitTests\"\n";
		};
/* End PBXShellScriptBuildPhase section */

/* Begin PBXSourcesBuildPhase section */
		D01E399B1654AABD00C26BF0 /* Sources */ = {
			isa = PBXSourcesBuildPhase;
			buildActionMask = 2147483647;
			files = (
				D01E39B01654AABD00C26BF0 /* main.m in Sources */,
				D01E39B41654AABD00C26BF0 /* pLAppDelegate.m in Sources */,
				D01E39C01654AABD00C26BF0 /* pLFirstViewController.m in Sources */,
				D01E39C71654AABD00C26BF0 /* pLSecondViewController.m in Sources */,
				D06F475B1655A5EF00C2CD63 /* pLPrayerRequestListItem.m in Sources */,
				D06F475F1656E4D000C2CD63 /* pLPrayerListItemCell.m in Sources */,
				D06E202C16BA3A590002F17B /* pLLoginViewController.m in Sources */,
				D073270716BC950E00169F24 /* pLSettingsViewController.m in Sources */,
				D073270C16BCFB8500169F24 /* pLLoginRequest.m in Sources */,
				D0EE960516C1E6F100D8021A /* pLSecurityToken.m in Sources */,
				D01EA2F616C47B4C0050E152 /* pLAppUtils.m in Sources */,
				D01EA2F916C63BF50050E152 /* pLPrayerRequest.m in Sources */,
				D01EA2FC16C719550050E152 /* pLPrayerRequestCell.m in Sources */,
				D01EA30116D452E50050E152 /* pLPostRequestController.m in Sources */,
				D0544EA516DD5B9B004EDC8C /* pLGroup.m in Sources */,
				D0544EA816DD8829004EDC8C /* pLSelectGroupforPostViewController.m in Sources */,
				D0544EAD16DEB581004EDC8C /* pLGroupCollectionCell.m in Sources */,
				D0B177D616FBCC3B005EEC82 /* pLGroupListViewController.m in Sources */,
				D0B177DC16FBD649005EEC82 /* pLEditGroupViewController.m in Sources */,
				D0B177DF16FE7780005EEC82 /* pLLoginResponse.m in Sources */,
				D06EF3B51702476D00B06270 /* pLPerson.m in Sources */,
				D07ACFF71707C9C40095B402 /* pLResponse.m in Sources */,
				D0265B751721DA94005B99CA /* EGORefreshTableHeaderView.m in Sources */,
				D001A11C1725F25B004789CD /* pLRequestCommentViewController.m in Sources */,
				D07B3FFF172732E500BA5401 /* pLCommentCell.m in Sources */,
				D07B40051727361100BA5401 /* pLComment.m in Sources */,
				D05D3B98173A1EAB009D5FD1 /* pLGroupCell.m in Sources */,
				D09B9E2F173C59B3002AF6E3 /* pLGroupMemberCell.m in Sources */,
			);
			runOnlyForDeploymentPostprocessing = 0;
		};
		D01E39CC1654AABD00C26BF0 /* Sources */ = {
			isa = PBXSourcesBuildPhase;
			buildActionMask = 2147483647;
			files = (
				D01E39E01654AABD00C26BF0 /* PrayListTests.m in Sources */,
			);
			runOnlyForDeploymentPostprocessing = 0;
		};
/* End PBXSourcesBuildPhase section */

/* Begin PBXTargetDependency section */
		D01E39D71654AABD00C26BF0 /* PBXTargetDependency */ = {
			isa = PBXTargetDependency;
			target = D01E399E1654AABD00C26BF0 /* PrayList */;
			targetProxy = D01E39D61654AABD00C26BF0 /* PBXContainerItemProxy */;
		};
		D0CEC75516C1F3C500B62807 /* PBXTargetDependency */ = {
			isa = PBXTargetDependency;
			name = RestKit;
			targetProxy = D0CEC75416C1F3C500B62807 /* PBXContainerItemProxy */;
		};
/* End PBXTargetDependency section */

/* Begin PBXVariantGroup section */
		D01E39AC1654AABD00C26BF0 /* InfoPlist.strings */ = {
			isa = PBXVariantGroup;
			children = (
				D01E39AD1654AABD00C26BF0 /* en */,
			);
			name = InfoPlist.strings;
			sourceTree = "<group>";
		};
		D01E39BB1654AABD00C26BF0 /* MainStoryboard.storyboard */ = {
			isa = PBXVariantGroup;
			children = (
				D01E39BC1654AABD00C26BF0 /* en */,
			);
			name = MainStoryboard.storyboard;
			sourceTree = "<group>";
		};
		D01E39DB1654AABD00C26BF0 /* InfoPlist.strings */ = {
			isa = PBXVariantGroup;
			children = (
				D01E39DC1654AABD00C26BF0 /* en */,
			);
			name = InfoPlist.strings;
			sourceTree = "<group>";
		};
/* End PBXVariantGroup section */

/* Begin XCBuildConfiguration section */
		D01E39E11654AABD00C26BF0 /* Debug */ = {
			isa = XCBuildConfiguration;
			buildSettings = {
				ALWAYS_SEARCH_USER_PATHS = NO;
				CLANG_CXX_LANGUAGE_STANDARD = "gnu++0x";
				CLANG_CXX_LIBRARY = "libc++";
				CLANG_ENABLE_OBJC_ARC = YES;
				CLANG_WARN_EMPTY_BODY = YES;
				CLANG_WARN__DUPLICATE_METHOD_MATCH = YES;
				"CODE_SIGN_IDENTITY[sdk=iphoneos*]" = "iPhone Developer";
				COPY_PHASE_STRIP = NO;
				GCC_C_LANGUAGE_STANDARD = gnu99;
				GCC_DYNAMIC_NO_PIC = NO;
				GCC_OPTIMIZATION_LEVEL = 0;
				GCC_PREPROCESSOR_DEFINITIONS = (
					"DEBUG=1",
					"$(inherited)",
				);
				GCC_SYMBOLS_PRIVATE_EXTERN = NO;
				GCC_WARN_ABOUT_RETURN_TYPE = YES;
				GCC_WARN_UNINITIALIZED_AUTOS = YES;
				GCC_WARN_UNUSED_VARIABLE = YES;
				HEADER_SEARCH_PATHS = "\"$(BUILT_PRODUCTS_DIR)/../../Headers\"";
				IPHONEOS_DEPLOYMENT_TARGET = 6.0;
				ONLY_ACTIVE_ARCH = YES;
				OTHER_LDFLAGS = "-ObjC";
				SDKROOT = iphoneos;
			};
			name = Debug;
		};
		D01E39E21654AABD00C26BF0 /* Release */ = {
			isa = XCBuildConfiguration;
			buildSettings = {
				ALWAYS_SEARCH_USER_PATHS = NO;
				CLANG_CXX_LANGUAGE_STANDARD = "gnu++0x";
				CLANG_CXX_LIBRARY = "libc++";
				CLANG_ENABLE_OBJC_ARC = YES;
				CLANG_WARN_EMPTY_BODY = YES;
				CLANG_WARN__DUPLICATE_METHOD_MATCH = YES;
				"CODE_SIGN_IDENTITY[sdk=iphoneos*]" = "iPhone Developer";
				COPY_PHASE_STRIP = YES;
				GCC_C_LANGUAGE_STANDARD = gnu99;
				GCC_WARN_ABOUT_RETURN_TYPE = YES;
				GCC_WARN_UNINITIALIZED_AUTOS = YES;
				GCC_WARN_UNUSED_VARIABLE = YES;
				HEADER_SEARCH_PATHS = "\"$(BUILT_PRODUCTS_DIR)/../../Headers\"";
				IPHONEOS_DEPLOYMENT_TARGET = 6.0;
				OTHER_CFLAGS = "-DNS_BLOCK_ASSERTIONS=1";
				OTHER_LDFLAGS = "-ObjC";
				SDKROOT = iphoneos;
				VALIDATE_PRODUCT = YES;
			};
			name = Release;
		};
		D01E39E41654AABD00C26BF0 /* Debug */ = {
			isa = XCBuildConfiguration;
			buildSettings = {
				GCC_PRECOMPILE_PREFIX_HEADER = YES;
				GCC_PREFIX_HEADER = "PrayList/PrayList-Prefix.pch";
				HEADER_SEARCH_PATHS = "\"$(BUILT_PRODUCTS_DIR)/../../Headers\"";
				INFOPLIST_FILE = "PrayList/PrayList-Info.plist";
				OTHER_LDFLAGS = "-ObjC";
				PRODUCT_NAME = "$(TARGET_NAME)";
				TARGETED_DEVICE_FAMILY = 1;
				WRAPPER_EXTENSION = app;
			};
			name = Debug;
		};
		D01E39E51654AABD00C26BF0 /* Release */ = {
			isa = XCBuildConfiguration;
			buildSettings = {
				GCC_PRECOMPILE_PREFIX_HEADER = YES;
				GCC_PREFIX_HEADER = "PrayList/PrayList-Prefix.pch";
				HEADER_SEARCH_PATHS = "\"$(BUILT_PRODUCTS_DIR)/../../Headers\"";
				INFOPLIST_FILE = "PrayList/PrayList-Info.plist";
				OTHER_LDFLAGS = "-ObjC";
				PRODUCT_NAME = "$(TARGET_NAME)";
				TARGETED_DEVICE_FAMILY = 1;
				WRAPPER_EXTENSION = app;
			};
			name = Release;
		};
		D01E39E71654AABD00C26BF0 /* Debug */ = {
			isa = XCBuildConfiguration;
			buildSettings = {
				BUNDLE_LOADER = "$(BUILT_PRODUCTS_DIR)/PrayList.app/PrayList";
				FRAMEWORK_SEARCH_PATHS = (
					"\"$(SDKROOT)/Developer/Library/Frameworks\"",
					"\"$(DEVELOPER_LIBRARY_DIR)/Frameworks\"",
				);
				GCC_PRECOMPILE_PREFIX_HEADER = YES;
				GCC_PREFIX_HEADER = "PrayList/PrayList-Prefix.pch";
				INFOPLIST_FILE = "PrayListTests/PrayListTests-Info.plist";
				PRODUCT_NAME = "$(TARGET_NAME)";
				TEST_HOST = "$(BUNDLE_LOADER)";
				WRAPPER_EXTENSION = octest;
			};
			name = Debug;
		};
		D01E39E81654AABD00C26BF0 /* Release */ = {
			isa = XCBuildConfiguration;
			buildSettings = {
				BUNDLE_LOADER = "$(BUILT_PRODUCTS_DIR)/PrayList.app/PrayList";
				FRAMEWORK_SEARCH_PATHS = (
					"\"$(SDKROOT)/Developer/Library/Frameworks\"",
					"\"$(DEVELOPER_LIBRARY_DIR)/Frameworks\"",
				);
				GCC_PRECOMPILE_PREFIX_HEADER = YES;
				GCC_PREFIX_HEADER = "PrayList/PrayList-Prefix.pch";
				INFOPLIST_FILE = "PrayListTests/PrayListTests-Info.plist";
				PRODUCT_NAME = "$(TARGET_NAME)";
				TEST_HOST = "$(BUNDLE_LOADER)";
				WRAPPER_EXTENSION = octest;
			};
			name = Release;
		};
/* End XCBuildConfiguration section */

/* Begin XCConfigurationList section */
		D01E39991654AABD00C26BF0 /* Build configuration list for PBXProject "PrayList" */ = {
			isa = XCConfigurationList;
			buildConfigurations = (
				D01E39E11654AABD00C26BF0 /* Debug */,
				D01E39E21654AABD00C26BF0 /* Release */,
			);
			defaultConfigurationIsVisible = 0;
			defaultConfigurationName = Release;
		};
		D01E39E31654AABD00C26BF0 /* Build configuration list for PBXNativeTarget "PrayList" */ = {
			isa = XCConfigurationList;
			buildConfigurations = (
				D01E39E41654AABD00C26BF0 /* Debug */,
				D01E39E51654AABD00C26BF0 /* Release */,
			);
			defaultConfigurationIsVisible = 0;
			defaultConfigurationName = Release;
		};
		D01E39E61654AABD00C26BF0 /* Build configuration list for PBXNativeTarget "PrayListTests" */ = {
			isa = XCConfigurationList;
			buildConfigurations = (
				D01E39E71654AABD00C26BF0 /* Debug */,
				D01E39E81654AABD00C26BF0 /* Release */,
			);
			defaultConfigurationIsVisible = 0;
			defaultConfigurationName = Release;
		};
/* End XCConfigurationList section */
	};
	rootObject = D01E39961654AABD00C26BF0 /* Project object */;
}
